# THIS IS AN AUTOGENERATED FILE. DO NOT EDIT THIS FILE DIRECTLY.
# yarn lockfile v1


angular-br-filters@^0.7.0:
  version "0.7.0"
  resolved "https://registry.yarnpkg.com/angular-br-filters/-/angular-br-filters-0.7.0.tgz#225bd82ef68e46ce8610d9e6d57cc6656c3f7f14"
  dependencies:
    br-masks "^0.5.0"

angular-input-masks@^4.1.0:
  version "4.1.0"
  resolved "https://registry.yarnpkg.com/angular-input-masks/-/angular-input-masks-4.1.0.tgz#72149b0434b4c819d14f5b922165a57a4d213a49"
  dependencies:
    br-validations "^0.3.1"
    date-fns "^2.0.0-alpha.7"
    moment "^2.8.4"
    string-mask "^0.3.0"

angular@^1.6.8:
  version "1.6.8"
  resolved "https://registry.yarnpkg.com/angular/-/angular-1.6.8.tgz#5be378a58be91a5489e78b59c4518cd9fd273ffb"

bootstrap@^4.0.0:
  version "4.0.0"
  resolved "https://registry.yarnpkg.com/bootstrap/-/bootstrap-4.0.0.tgz#ceb03842c145fcc1b9b4e15da2a05656ba68469a"

br-masks@^0.5.0:
  version "0.5.0"
  resolved "https://registry.yarnpkg.com/br-masks/-/br-masks-0.5.0.tgz#df5691a0004515297858db5b9f0a7dd531ad95dc"
  dependencies:
    string-mask "^0.3.0"

br-validations@^0.3.1:
  version "0.3.1"
  resolved "https://registry.yarnpkg.com/br-validations/-/br-validations-0.3.1.tgz#4e45a4e074adaeea2b7e088bc0e37ade9b76364d"

date-fns@^2.0.0-alpha.7:
  version "2.0.0-alpha.7"
  resolved "https://registry.yarnpkg.com/date-fns/-/date-fns-2.0.0-alpha.7.tgz#245ad16f95764eababfb2c0a41fd5d033c20e57a"

financejs@^4.1.0:
  version "4.1.0"
  resolved "https://registry.yarnpkg.com/financejs/-/financejs-4.1.0.tgz#e69b7cf4f0b5dd0c8a3b041992439513a2b93c41"

jquery@^3.3.1:
  version "3.3.1"
  resolved "https://registry.yarnpkg.com/jquery/-/jquery-3.3.1.tgz#958ce29e81c9790f31be7792df5d4d95fc57fbca"

moment@^2.8.4:
  version "2.20.1"
  resolved "https://registry.yarnpkg.com/moment/-/moment-2.20.1.tgz#d6eb1a46cbcc14a2b2f9434112c1ff8907f313fd"

string-mask@^0.3.0:
  version "0.3.0"
  resolved "https://registry.yarnpkg.com/string-mask/-/string-mask-0.3.0.tgz#9e7244b87bb2f6f9647e2ac98f96fa1a57c21198"
